Microsoft Visual Studio Solution File, Format Version 12.00
# Visual Studio 15
Project("{8BC9CEB8-8B4A-11D0-8D11-00A0C91BC942}") = "ALL_BUILD", "ALL_BUILD.vcxproj", "{9494A491-A06D-32A0-AB67-A90C9ACDF9F4}"
	ProjectSection(ProjectDependencies) = postProject
		{AB2A2FDF-0A7D-3F0F-8301-5E785CD01BC9} = {AB2A2FDF-0A7D-3F0F-8301-5E785CD01BC9}
		{F040DF2B-F53B-318F-B7C9-6CB5014035F1} = {F040DF2B-F53B-318F-B7C9-6CB5014035F1}
	EndProjectSection
EndProject
Project("{8BC9CEB8-8B4A-11D0-8D11-00A0C91BC942}") = "IL", "IL.vcxproj", "{AB2A2FDF-0A7D-3F0F-8301-5E785CD01BC9}"
	ProjectSection(ProjectDependencies) = postProject
		{F040DF2B-F53B-318F-B7C9-6CB5014035F1} = {F040DF2B-F53B-318F-B7C9-6CB5014035F1}
	EndProjectSection
EndProject
Project("{8BC9CEB8-8B4A-11D0-8D11-00A0C91BC942}") = "INSTALL", "INSTALL.vcxproj", "{42A60835-1FA4-302C-AB09-26B3127613D3}"
	ProjectSection(ProjectDependencies) = postProject
		{9494A491-A06D-32A0-AB67-A90C9ACDF9F4} = {9494A491-A06D-32A0-AB67-A90C9ACDF9F4}
		{F040DF2B-F53B-318F-B7C9-6CB5014035F1} = {F040DF2B-F53B-318F-B7C9-6CB5014035F1}
	EndProjectSection
EndProject
Project("{8BC9CEB8-8B4A-11D0-8D11-00A0C91BC942}") = "ZERO_CHECK", "..\\ZERO_CHECK.vcxproj", "{F040DF2B-F53B-318F-B7C9-6CB5014035F1}"
	ProjectSection(ProjectDependencies) = postProject
	EndProjectSection
EndProject
Global
	GlobalSection(SolutionConfigurationPlatforms) = preSolution
		Debug|Win32 = Debug|Win32
		Release|Win32 = Release|Win32
		MinSizeRel|Win32 = MinSizeRel|Win32
		RelWithDebInfo|Win32 = RelWithDebInfo|Win32
	EndGlobalSection
	GlobalSection(ProjectConfigurationPlatforms) = postSolution
		{9494A491-A06D-32A0-AB67-A90C9ACDF9F4}.Debug|Win32.ActiveCfg = Debug|Win32
		{9494A491-A06D-32A0-AB67-A90C9ACDF9F4}.Debug|Win32.Build.0 = Debug|Win32
		{9494A491-A06D-32A0-AB67-A90C9ACDF9F4}.Release|Win32.ActiveCfg = Release|Win32
		{9494A491-A06D-32A0-AB67-A90C9ACDF9F4}.Release|Win32.Build.0 = Release|Win32
		{9494A491-A06D-32A0-AB67-A90C9ACDF9F4}.MinSizeRel|Win32.ActiveCfg = MinSizeRel|Win32
		{9494A491-A06D-32A0-AB67-A90C9ACDF9F4}.MinSizeRel|Win32.Build.0 = MinSizeRel|Win32
		{9494A491-A06D-32A0-AB67-A90C9ACDF9F4}.RelWithDebInfo|Win32.ActiveCfg = RelWithDebInfo|Win32
		{9494A491-A06D-32A0-AB67-A90C9ACDF9F4}.RelWithDebInfo|Win32.Build.0 = RelWithDebInfo|Win32
		{AB2A2FDF-0A7D-3F0F-8301-5E785CD01BC9}.Debug|Win32.ActiveCfg = Debug|Win32
		{AB2A2FDF-0A7D-3F0F-8301-5E785CD01BC9}.Debug|Win32.Build.0 = Debug|Win32
		{AB2A2FDF-0A7D-3F0F-8301-5E785CD01BC9}.Release|Win32.ActiveCfg = Release|Win32
		{AB2A2FDF-0A7D-3F0F-8301-5E785CD01BC9}.Release|Win32.Build.0 = Release|Win32
		{AB2A2FDF-0A7D-3F0F-8301-5E785CD01BC9}.MinSizeRel|Win32.ActiveCfg = MinSizeRel|Win32
		{AB2A2FDF-0A7D-3F0F-8301-5E785CD01BC9}.MinSizeRel|Win32.Build.0 = MinSizeRel|Win32
		{AB2A2FDF-0A7D-3F0F-8301-5E785CD01BC9}.RelWithDebInfo|Win32.ActiveCfg = RelWithDebInfo|Win32
		{AB2A2FDF-0A7D-3F0F-8301-5E785CD01BC9}.RelWithDebInfo|Win32.Build.0 = RelWithDebInfo|Win32
		{42A60835-1FA4-302C-AB09-26B3127613D3}.Debug|Win32.ActiveCfg = Debug|Win32
		{42A60835-1FA4-302C-AB09-26B3127613D3}.Release|Win32.ActiveCfg = Release|Win32
		{42A60835-1FA4-302C-AB09-26B3127613D3}.MinSizeRel|Win32.ActiveCfg = MinSizeRel|Win32
		{42A60835-1FA4-302C-AB09-26B3127613D3}.RelWithDebInfo|Win32.ActiveCfg = RelWithDebInfo|Win32
		{F040DF2B-F53B-318F-B7C9-6CB5014035F1}.Debug|Win32.ActiveCfg = Debug|Win32
		{F040DF2B-F53B-318F-B7C9-6CB5014035F1}.Debug|Win32.Build.0 = Debug|Win32
		{F040DF2B-F53B-318F-B7C9-6CB5014035F1}.Release|Win32.ActiveCfg = Release|Win32
		{F040DF2B-F53B-318F-B7C9-6CB5014035F1}.Release|Win32.Build.0 = Release|Win32
		{F040DF2B-F53B-318F-B7C9-6CB5014035F1}.MinSizeRel|Win32.ActiveCfg = MinSizeRel|Win32
		{F040DF2B-F53B-318F-B7C9-6CB5014035F1}.MinSizeRel|Win32.Build.0 = MinSizeRel|Win32
		{F040DF2B-F53B-318F-B7C9-6CB5014035F1}.RelWithDebInfo|Win32.ActiveCfg = RelWithDebInfo|Win32
		{F040DF2B-F53B-318F-B7C9-6CB5014035F1}.RelWithDebInfo|Win32.Build.0 = RelWithDebInfo|Win32
	EndGlobalSection
	GlobalSection(ExtensibilityGlobals) = postSolution
		SolutionGuid = {0FB231BA-BB94-35A3-93DC-B5C30708EB89}
	EndGlobalSection
	GlobalSection(ExtensibilityAddIns) = postSolution
	EndGlobalSection
EndGlobal
