<?xml version="1.0" encoding="UTF-8"?>
<Project ToolsVersion="15.0" xmlns="http://schemas.microsoft.com/developer/msbuild/2003">
  <ItemGroup>
    <ClCompile Include="C:\Users\Marti\Desktop\Github\Engine\Engine\DevIL\DevIL\src-IL\src\altivec_common.cpp">
      <Filter>Source Files</Filter>
    </ClCompile>
    <ClCompile Include="C:\Users\Marti\Desktop\Github\Engine\Engine\DevIL\DevIL\src-IL\src\altivec_typeconversion.cpp">
      <Filter>Source Files</Filter>
    </ClCompile>
    <ClCompile Include="C:\Users\Marti\Desktop\Github\Engine\Engine\DevIL\DevIL\src-IL\src\il_alloc.cpp">
      <Filter>Source Files</Filter>
    </ClCompile>
    <ClCompile Include="C:\Users\Marti\Desktop\Github\Engine\Engine\DevIL\DevIL\src-IL\src\il_bits.cpp">
      <Filter>Source Files</Filter>
    </ClCompile>
    <ClCompile Include="C:\Users\Marti\Desktop\Github\Engine\Engine\DevIL\DevIL\src-IL\src\il_blp.cpp">
      <Filter>Source Files</Filter>
    </ClCompile>
    <ClCompile Include="C:\Users\Marti\Desktop\Github\Engine\Engine\DevIL\DevIL\src-IL\src\il_bmp.cpp">
      <Filter>Source Files</Filter>
    </ClCompile>
    <ClCompile Include="C:\Users\Marti\Desktop\Github\Engine\Engine\DevIL\DevIL\src-IL\src\il_convbuff.cpp">
      <Filter>Source Files</Filter>
    </ClCompile>
    <ClCompile Include="C:\Users\Marti\Desktop\Github\Engine\Engine\DevIL\DevIL\src-IL\src\il_convert.cpp">
      <Filter>Source Files</Filter>
    </ClCompile>
    <ClCompile Include="C:\Users\Marti\Desktop\Github\Engine\Engine\DevIL\DevIL\src-IL\src\il_cut.cpp">
      <Filter>Source Files</Filter>
    </ClCompile>
    <ClCompile Include="C:\Users\Marti\Desktop\Github\Engine\Engine\DevIL\DevIL\src-IL\src\il_dcx.cpp">
      <Filter>Source Files</Filter>
    </ClCompile>
    <ClCompile Include="C:\Users\Marti\Desktop\Github\Engine\Engine\DevIL\DevIL\src-IL\src\il_dds-save.cpp">
      <Filter>Source Files</Filter>
    </ClCompile>
    <ClCompile Include="C:\Users\Marti\Desktop\Github\Engine\Engine\DevIL\DevIL\src-IL\src\il_dds.cpp">
      <Filter>Source Files</Filter>
    </ClCompile>
    <ClCompile Include="C:\Users\Marti\Desktop\Github\Engine\Engine\DevIL\DevIL\src-IL\src\il_devil.cpp">
      <Filter>Source Files</Filter>
    </ClCompile>
    <ClCompile Include="C:\Users\Marti\Desktop\Github\Engine\Engine\DevIL\DevIL\src-IL\src\il_dicom.cpp">
      <Filter>Source Files</Filter>
    </ClCompile>
    <ClCompile Include="C:\Users\Marti\Desktop\Github\Engine\Engine\DevIL\DevIL\src-IL\src\il_doom.cpp">
      <Filter>Source Files</Filter>
    </ClCompile>
    <ClCompile Include="C:\Users\Marti\Desktop\Github\Engine\Engine\DevIL\DevIL\src-IL\src\il_dpx.cpp">
      <Filter>Source Files</Filter>
    </ClCompile>
    <ClCompile Include="C:\Users\Marti\Desktop\Github\Engine\Engine\DevIL\DevIL\src-IL\src\il_endian.cpp">
      <Filter>Source Files</Filter>
    </ClCompile>
    <ClCompile Include="C:\Users\Marti\Desktop\Github\Engine\Engine\DevIL\DevIL\src-IL\src\il_error.cpp">
      <Filter>Source Files</Filter>
    </ClCompile>
    <ClCompile Include="C:\Users\Marti\Desktop\Github\Engine\Engine\DevIL\DevIL\src-IL\src\il_exr.cpp">
      <Filter>Source Files</Filter>
    </ClCompile>
    <ClCompile Include="C:\Users\Marti\Desktop\Github\Engine\Engine\DevIL\DevIL\src-IL\src\il_fastconv.cpp">
      <Filter>Source Files</Filter>
    </ClCompile>
    <ClCompile Include="C:\Users\Marti\Desktop\Github\Engine\Engine\DevIL\DevIL\src-IL\src\il_files.cpp">
      <Filter>Source Files</Filter>
    </ClCompile>
    <ClCompile Include="C:\Users\Marti\Desktop\Github\Engine\Engine\DevIL\DevIL\src-IL\src\il_fits.cpp">
      <Filter>Source Files</Filter>
    </ClCompile>
    <ClCompile Include="C:\Users\Marti\Desktop\Github\Engine\Engine\DevIL\DevIL\src-IL\src\il_ftx.cpp">
      <Filter>Source Files</Filter>
    </ClCompile>
    <ClCompile Include="C:\Users\Marti\Desktop\Github\Engine\Engine\DevIL\DevIL\src-IL\src\il_gif.cpp">
      <Filter>Source Files</Filter>
    </ClCompile>
    <ClCompile Include="C:\Users\Marti\Desktop\Github\Engine\Engine\DevIL\DevIL\src-IL\src\il_hdr.cpp">
      <Filter>Source Files</Filter>
    </ClCompile>
    <ClCompile Include="C:\Users\Marti\Desktop\Github\Engine\Engine\DevIL\DevIL\src-IL\src\il_header.cpp">
      <Filter>Source Files</Filter>
    </ClCompile>
    <ClCompile Include="C:\Users\Marti\Desktop\Github\Engine\Engine\DevIL\DevIL\src-IL\src\il_icns.cpp">
      <Filter>Source Files</Filter>
    </ClCompile>
    <ClCompile Include="C:\Users\Marti\Desktop\Github\Engine\Engine\DevIL\DevIL\src-IL\src\il_icon.cpp">
      <Filter>Source Files</Filter>
    </ClCompile>
    <ClCompile Include="C:\Users\Marti\Desktop\Github\Engine\Engine\DevIL\DevIL\src-IL\src\il_iff.cpp">
      <Filter>Source Files</Filter>
    </ClCompile>
    <ClCompile Include="C:\Users\Marti\Desktop\Github\Engine\Engine\DevIL\DevIL\src-IL\src\il_ilbm.cpp">
      <Filter>Source Files</Filter>
    </ClCompile>
    <ClCompile Include="C:\Users\Marti\Desktop\Github\Engine\Engine\DevIL\DevIL\src-IL\src\il_internal.cpp">
      <Filter>Source Files</Filter>
    </ClCompile>
    <ClCompile Include="C:\Users\Marti\Desktop\Github\Engine\Engine\DevIL\DevIL\src-IL\src\il_io.cpp">
      <Filter>Source Files</Filter>
    </ClCompile>
    <ClCompile Include="C:\Users\Marti\Desktop\Github\Engine\Engine\DevIL\DevIL\src-IL\src\il_iwi.cpp">
      <Filter>Source Files</Filter>
    </ClCompile>
    <ClCompile Include="C:\Users\Marti\Desktop\Github\Engine\Engine\DevIL\DevIL\src-IL\src\il_jp2.cpp">
      <Filter>Source Files</Filter>
    </ClCompile>
    <ClCompile Include="C:\Users\Marti\Desktop\Github\Engine\Engine\DevIL\DevIL\src-IL\src\il_jpeg.cpp">
      <Filter>Source Files</Filter>
    </ClCompile>
    <ClCompile Include="C:\Users\Marti\Desktop\Github\Engine\Engine\DevIL\DevIL\src-IL\src\il_ktx.cpp">
      <Filter>Source Files</Filter>
    </ClCompile>
    <ClCompile Include="C:\Users\Marti\Desktop\Github\Engine\Engine\DevIL\DevIL\src-IL\src\il_lif.cpp">
      <Filter>Source Files</Filter>
    </ClCompile>
    <ClCompile Include="C:\Users\Marti\Desktop\Github\Engine\Engine\DevIL\DevIL\src-IL\src\il_main.cpp">
      <Filter>Source Files</Filter>
    </ClCompile>
    <ClCompile Include="C:\Users\Marti\Desktop\Github\Engine\Engine\DevIL\DevIL\src-IL\src\il_manip.cpp">
      <Filter>Source Files</Filter>
    </ClCompile>
    <ClCompile Include="C:\Users\Marti\Desktop\Github\Engine\Engine\DevIL\DevIL\src-IL\src\il_mdl.cpp">
      <Filter>Source Files</Filter>
    </ClCompile>
    <ClCompile Include="C:\Users\Marti\Desktop\Github\Engine\Engine\DevIL\DevIL\src-IL\src\il_mng.cpp">
      <Filter>Source Files</Filter>
    </ClCompile>
    <ClCompile Include="C:\Users\Marti\Desktop\Github\Engine\Engine\DevIL\DevIL\src-IL\src\il_mp3.cpp">
      <Filter>Source Files</Filter>
    </ClCompile>
    <ClCompile Include="C:\Users\Marti\Desktop\Github\Engine\Engine\DevIL\DevIL\src-IL\src\il_neuquant.cpp">
      <Filter>Source Files</Filter>
    </ClCompile>
    <ClCompile Include="C:\Users\Marti\Desktop\Github\Engine\Engine\DevIL\DevIL\src-IL\src\il_nvidia.cpp">
      <Filter>Source Files</Filter>
    </ClCompile>
    <ClCompile Include="C:\Users\Marti\Desktop\Github\Engine\Engine\DevIL\DevIL\src-IL\src\il_pal.cpp">
      <Filter>Source Files</Filter>
    </ClCompile>
    <ClCompile Include="C:\Users\Marti\Desktop\Github\Engine\Engine\DevIL\DevIL\src-IL\src\il_pcd.cpp">
      <Filter>Source Files</Filter>
    </ClCompile>
    <ClCompile Include="C:\Users\Marti\Desktop\Github\Engine\Engine\DevIL\DevIL\src-IL\src\il_pcx.cpp">
      <Filter>Source Files</Filter>
    </ClCompile>
    <ClCompile Include="C:\Users\Marti\Desktop\Github\Engine\Engine\DevIL\DevIL\src-IL\src\il_pic.cpp">
      <Filter>Source Files</Filter>
    </ClCompile>
    <ClCompile Include="C:\Users\Marti\Desktop\Github\Engine\Engine\DevIL\DevIL\src-IL\src\il_pix.cpp">
      <Filter>Source Files</Filter>
    </ClCompile>
    <ClCompile Include="C:\Users\Marti\Desktop\Github\Engine\Engine\DevIL\DevIL\src-IL\src\il_png.cpp">
      <Filter>Source Files</Filter>
    </ClCompile>
    <ClCompile Include="C:\Users\Marti\Desktop\Github\Engine\Engine\DevIL\DevIL\src-IL\src\il_pnm.cpp">
      <Filter>Source Files</Filter>
    </ClCompile>
    <ClCompile Include="C:\Users\Marti\Desktop\Github\Engine\Engine\DevIL\DevIL\src-IL\src\il_profiles.cpp">
      <Filter>Source Files</Filter>
    </ClCompile>
    <ClCompile Include="C:\Users\Marti\Desktop\Github\Engine\Engine\DevIL\DevIL\src-IL\src\il_psd.cpp">
      <Filter>Source Files</Filter>
    </ClCompile>
    <ClCompile Include="C:\Users\Marti\Desktop\Github\Engine\Engine\DevIL\DevIL\src-IL\src\il_psp.cpp">
      <Filter>Source Files</Filter>
    </ClCompile>
    <ClCompile Include="C:\Users\Marti\Desktop\Github\Engine\Engine\DevIL\DevIL\src-IL\src\il_pxr.cpp">
      <Filter>Source Files</Filter>
    </ClCompile>
    <ClCompile Include="C:\Users\Marti\Desktop\Github\Engine\Engine\DevIL\DevIL\src-IL\src\il_quantizer.cpp">
      <Filter>Source Files</Filter>
    </ClCompile>
    <ClCompile Include="C:\Users\Marti\Desktop\Github\Engine\Engine\DevIL\DevIL\src-IL\src\il_raw.cpp">
      <Filter>Source Files</Filter>
    </ClCompile>
    <ClCompile Include="C:\Users\Marti\Desktop\Github\Engine\Engine\DevIL\DevIL\src-IL\src\il_rawdata.cpp">
      <Filter>Source Files</Filter>
    </ClCompile>
    <ClCompile Include="C:\Users\Marti\Desktop\Github\Engine\Engine\DevIL\DevIL\src-IL\src\il_register.cpp">
      <Filter>Source Files</Filter>
    </ClCompile>
    <ClCompile Include="C:\Users\Marti\Desktop\Github\Engine\Engine\DevIL\DevIL\src-IL\src\il_rle.cpp">
      <Filter>Source Files</Filter>
    </ClCompile>
    <ClCompile Include="C:\Users\Marti\Desktop\Github\Engine\Engine\DevIL\DevIL\src-IL\src\il_rot.cpp">
      <Filter>Source Files</Filter>
    </ClCompile>
    <ClCompile Include="C:\Users\Marti\Desktop\Github\Engine\Engine\DevIL\DevIL\src-IL\src\il_sgi.cpp">
      <Filter>Source Files</Filter>
    </ClCompile>
    <ClCompile Include="C:\Users\Marti\Desktop\Github\Engine\Engine\DevIL\DevIL\src-IL\src\il_size.cpp">
      <Filter>Source Files</Filter>
    </ClCompile>
    <ClCompile Include="C:\Users\Marti\Desktop\Github\Engine\Engine\DevIL\DevIL\src-IL\src\il_squish.cpp">
      <Filter>Source Files</Filter>
    </ClCompile>
    <ClCompile Include="C:\Users\Marti\Desktop\Github\Engine\Engine\DevIL\DevIL\src-IL\src\il_stack.cpp">
      <Filter>Source Files</Filter>
    </ClCompile>
    <ClCompile Include="C:\Users\Marti\Desktop\Github\Engine\Engine\DevIL\DevIL\src-IL\src\il_states.cpp">
      <Filter>Source Files</Filter>
    </ClCompile>
    <ClCompile Include="C:\Users\Marti\Desktop\Github\Engine\Engine\DevIL\DevIL\src-IL\src\il_sun.cpp">
      <Filter>Source Files</Filter>
    </ClCompile>
    <ClCompile Include="C:\Users\Marti\Desktop\Github\Engine\Engine\DevIL\DevIL\src-IL\src\il_targa.cpp">
      <Filter>Source Files</Filter>
    </ClCompile>
    <ClCompile Include="C:\Users\Marti\Desktop\Github\Engine\Engine\DevIL\DevIL\src-IL\src\il_texture.cpp">
      <Filter>Source Files</Filter>
    </ClCompile>
    <ClCompile Include="C:\Users\Marti\Desktop\Github\Engine\Engine\DevIL\DevIL\src-IL\src\il_tiff.cpp">
      <Filter>Source Files</Filter>
    </ClCompile>
    <ClCompile Include="C:\Users\Marti\Desktop\Github\Engine\Engine\DevIL\DevIL\src-IL\src\il_tpl.cpp">
      <Filter>Source Files</Filter>
    </ClCompile>
    <ClCompile Include="C:\Users\Marti\Desktop\Github\Engine\Engine\DevIL\DevIL\src-IL\src\il_utility.cpp">
      <Filter>Source Files</Filter>
    </ClCompile>
    <ClCompile Include="C:\Users\Marti\Desktop\Github\Engine\Engine\DevIL\DevIL\src-IL\src\il_utx.cpp">
      <Filter>Source Files</Filter>
    </ClCompile>
    <ClCompile Include="C:\Users\Marti\Desktop\Github\Engine\Engine\DevIL\DevIL\src-IL\src\il_vtf.cpp">
      <Filter>Source Files</Filter>
    </ClCompile>
    <ClCompile Include="C:\Users\Marti\Desktop\Github\Engine\Engine\DevIL\DevIL\src-IL\src\il_wal.cpp">
      <Filter>Source Files</Filter>
    </ClCompile>
    <ClCompile Include="C:\Users\Marti\Desktop\Github\Engine\Engine\DevIL\DevIL\src-IL\src\il_wbmp.cpp">
      <Filter>Source Files</Filter>
    </ClCompile>
    <ClCompile Include="C:\Users\Marti\Desktop\Github\Engine\Engine\DevIL\DevIL\src-IL\src\il_wdp.cpp">
      <Filter>Source Files</Filter>
    </ClCompile>
    <ClCompile Include="C:\Users\Marti\Desktop\Github\Engine\Engine\DevIL\DevIL\src-IL\src\il_xpm.cpp">
      <Filter>Source Files</Filter>
    </ClCompile>
  </ItemGroup>
  <ItemGroup>
    <ClInclude Include="C:\Users\Marti\Desktop\Github\Engine\Engine\DevIL\DevIL\src-IL\include\altivec_common.h">
      <Filter>Header Files</Filter>
    </ClInclude>
    <ClInclude Include="C:\Users\Marti\Desktop\Github\Engine\Engine\DevIL\DevIL\src-IL\include\altivec_typeconversion.h">
      <Filter>Header Files</Filter>
    </ClInclude>
    <ClInclude Include="C:\Users\Marti\Desktop\Github\Engine\Engine\DevIL\DevIL\src-IL\include\config.h">
      <Filter>Header Files</Filter>
    </ClInclude>
    <ClInclude Include="C:\Users\Marti\Desktop\Github\Engine\Engine\DevIL\DevIL\src-IL\include\il_alloc.h">
      <Filter>Header Files</Filter>
    </ClInclude>
    <ClInclude Include="C:\Users\Marti\Desktop\Github\Engine\Engine\DevIL\DevIL\src-IL\include\il_bits.h">
      <Filter>Header Files</Filter>
    </ClInclude>
    <ClInclude Include="C:\Users\Marti\Desktop\Github\Engine\Engine\DevIL\DevIL\src-IL\include\il_bmp.h">
      <Filter>Header Files</Filter>
    </ClInclude>
    <ClInclude Include="C:\Users\Marti\Desktop\Github\Engine\Engine\DevIL\DevIL\src-IL\include\il_dcx.h">
      <Filter>Header Files</Filter>
    </ClInclude>
    <ClInclude Include="C:\Users\Marti\Desktop\Github\Engine\Engine\DevIL\DevIL\src-IL\include\il_dds.h">
      <Filter>Header Files</Filter>
    </ClInclude>
    <ClInclude Include="C:\Users\Marti\Desktop\Github\Engine\Engine\DevIL\DevIL\src-IL\include\il_doompal.h">
      <Filter>Header Files</Filter>
    </ClInclude>
    <ClInclude Include="C:\Users\Marti\Desktop\Github\Engine\Engine\DevIL\DevIL\src-IL\include\il_dpx.h">
      <Filter>Header Files</Filter>
    </ClInclude>
    <ClInclude Include="C:\Users\Marti\Desktop\Github\Engine\Engine\DevIL\DevIL\src-IL\include\il_endian.h">
      <Filter>Header Files</Filter>
    </ClInclude>
    <ClInclude Include="C:\Users\Marti\Desktop\Github\Engine\Engine\DevIL\DevIL\src-IL\include\il_exr.h">
      <Filter>Header Files</Filter>
    </ClInclude>
    <ClInclude Include="C:\Users\Marti\Desktop\Github\Engine\Engine\DevIL\DevIL\src-IL\include\il_files.h">
      <Filter>Header Files</Filter>
    </ClInclude>
    <ClInclude Include="C:\Users\Marti\Desktop\Github\Engine\Engine\DevIL\DevIL\src-IL\include\il_gif.h">
      <Filter>Header Files</Filter>
    </ClInclude>
    <ClInclude Include="C:\Users\Marti\Desktop\Github\Engine\Engine\DevIL\DevIL\src-IL\include\il_hdr.h">
      <Filter>Header Files</Filter>
    </ClInclude>
    <ClInclude Include="C:\Users\Marti\Desktop\Github\Engine\Engine\DevIL\DevIL\src-IL\include\il_icns.h">
      <Filter>Header Files</Filter>
    </ClInclude>
    <ClInclude Include="C:\Users\Marti\Desktop\Github\Engine\Engine\DevIL\DevIL\src-IL\include\il_icon.h">
      <Filter>Header Files</Filter>
    </ClInclude>
    <ClInclude Include="C:\Users\Marti\Desktop\Github\Engine\Engine\DevIL\DevIL\src-IL\include\il_internal.h">
      <Filter>Header Files</Filter>
    </ClInclude>
    <ClInclude Include="C:\Users\Marti\Desktop\Github\Engine\Engine\DevIL\DevIL\src-IL\include\il_jp2.h">
      <Filter>Header Files</Filter>
    </ClInclude>
    <ClInclude Include="C:\Users\Marti\Desktop\Github\Engine\Engine\DevIL\DevIL\src-IL\include\il_jpeg.h">
      <Filter>Header Files</Filter>
    </ClInclude>
    <ClInclude Include="C:\Users\Marti\Desktop\Github\Engine\Engine\DevIL\DevIL\src-IL\include\il_lif.h">
      <Filter>Header Files</Filter>
    </ClInclude>
    <ClInclude Include="C:\Users\Marti\Desktop\Github\Engine\Engine\DevIL\DevIL\src-IL\include\il_manip.h">
      <Filter>Header Files</Filter>
    </ClInclude>
    <ClInclude Include="C:\Users\Marti\Desktop\Github\Engine\Engine\DevIL\DevIL\src-IL\include\il_mdl.h">
      <Filter>Header Files</Filter>
    </ClInclude>
    <ClInclude Include="C:\Users\Marti\Desktop\Github\Engine\Engine\DevIL\DevIL\src-IL\include\il_pal.h">
      <Filter>Header Files</Filter>
    </ClInclude>
    <ClInclude Include="C:\Users\Marti\Desktop\Github\Engine\Engine\DevIL\DevIL\src-IL\include\il_pcx.h">
      <Filter>Header Files</Filter>
    </ClInclude>
    <ClInclude Include="C:\Users\Marti\Desktop\Github\Engine\Engine\DevIL\DevIL\src-IL\include\il_pic.h">
      <Filter>Header Files</Filter>
    </ClInclude>
    <ClInclude Include="C:\Users\Marti\Desktop\Github\Engine\Engine\DevIL\DevIL\src-IL\include\il_pnm.h">
      <Filter>Header Files</Filter>
    </ClInclude>
    <ClInclude Include="C:\Users\Marti\Desktop\Github\Engine\Engine\DevIL\DevIL\src-IL\include\il_psd.h">
      <Filter>Header Files</Filter>
    </ClInclude>
    <ClInclude Include="C:\Users\Marti\Desktop\Github\Engine\Engine\DevIL\DevIL\src-IL\include\il_psp.h">
      <Filter>Header Files</Filter>
    </ClInclude>
    <ClInclude Include="C:\Users\Marti\Desktop\Github\Engine\Engine\DevIL\DevIL\src-IL\include\il_q2pal.h">
      <Filter>Header Files</Filter>
    </ClInclude>
    <ClInclude Include="C:\Users\Marti\Desktop\Github\Engine\Engine\DevIL\DevIL\src-IL\include\il_register.h">
      <Filter>Header Files</Filter>
    </ClInclude>
    <ClInclude Include="C:\Users\Marti\Desktop\Github\Engine\Engine\DevIL\DevIL\src-IL\include\il_rle.h">
      <Filter>Header Files</Filter>
    </ClInclude>
    <ClInclude Include="C:\Users\Marti\Desktop\Github\Engine\Engine\DevIL\DevIL\src-IL\include\il_sgi.h">
      <Filter>Header Files</Filter>
    </ClInclude>
    <ClInclude Include="C:\Users\Marti\Desktop\Github\Engine\Engine\DevIL\DevIL\src-IL\include\il_stack.h">
      <Filter>Header Files</Filter>
    </ClInclude>
    <ClInclude Include="C:\Users\Marti\Desktop\Github\Engine\Engine\DevIL\DevIL\src-IL\include\il_states.h">
      <Filter>Header Files</Filter>
    </ClInclude>
    <ClInclude Include="C:\Users\Marti\Desktop\Github\Engine\Engine\DevIL\DevIL\src-IL\include\il_targa.h">
      <Filter>Header Files</Filter>
    </ClInclude>
    <ClInclude Include="C:\Users\Marti\Desktop\Github\Engine\Engine\DevIL\DevIL\src-IL\include\il_utx.h">
      <Filter>Header Files</Filter>
    </ClInclude>
    <ClInclude Include="C:\Users\Marti\Desktop\Github\Engine\Engine\DevIL\DevIL\src-IL\include\il_vtf.h">
      <Filter>Header Files</Filter>
    </ClInclude>
    <ClInclude Include="C:\Users\Marti\Desktop\Github\Engine\Engine\DevIL\DevIL\src-IL\include\il_wdp.h">
      <Filter>Header Files</Filter>
    </ClInclude>
    <ClInclude Include="C:\Users\Marti\Desktop\Github\Engine\Engine\DevIL\DevIL\include\IL\devil_internal_exports.h">
      <Filter>Header Files</Filter>
    </ClInclude>
    <ClInclude Include="C:\Users\Marti\Desktop\Github\Engine\Engine\DevIL\DevIL\include\IL\il.h">
      <Filter>Header Files</Filter>
    </ClInclude>
  </ItemGroup>
  <ItemGroup>
    <CustomBuild Include="C:\Users\Marti\Desktop\Github\Engine\Engine\DevIL\DevIL\src-IL\CMakeLists.txt" />
  </ItemGroup>
  <ItemGroup>
    <None Include="C:\Users\Marti\Desktop\Github\Engine\Engine\DevIL\DevIL\src-IL\msvc\il.def">
      <Filter>Source Files</Filter>
    </None>
    <None Include="C:\Users\Marti\Desktop\Github\Engine\Engine\DevIL\DevIL\src-IL\msvc\resources\IL Logo.ico">
      <Filter>Resource Files</Filter>
    </None>
    <None Include="C:\Users\Marti\Desktop\Github\Engine\Engine\DevIL\DevIL\AUTHORS">
      <Filter>Text Files</Filter>
    </None>
    <None Include="C:\Users\Marti\Desktop\Github\Engine\Engine\DevIL\DevIL\ChangeLog">
      <Filter>Text Files</Filter>
    </None>
    <None Include="C:\Users\Marti\Desktop\Github\Engine\Engine\DevIL\DevIL\CREDITS">
      <Filter>Text Files</Filter>
    </None>
    <None Include="C:\Users\Marti\Desktop\Github\Engine\Engine\DevIL\DevIL\Libraries.txt">
      <Filter>Text Files</Filter>
    </None>
    <None Include="C:\Users\Marti\Desktop\Github\Engine\Engine\DevIL\DevIL\README.md">
      <Filter>Text Files</Filter>
    </None>
    <None Include="C:\Users\Marti\Desktop\Github\Engine\Engine\DevIL\DevIL\README.cmake">
      <Filter>Text Files</Filter>
    </None>
    <None Include="C:\Users\Marti\Desktop\Github\Engine\Engine\DevIL\DevIL\TODO">
      <Filter>Text Files</Filter>
    </None>
  </ItemGroup>
  <ItemGroup>
    <ResourceCompile Include="C:\Users\Marti\Desktop\Github\Engine\Engine\DevIL\DevIL\src-IL\msvc\IL.rc">
      <Filter>Resource Files</Filter>
    </ResourceCompile>
  </ItemGroup>
  <ItemGroup>
    <Filter Include="Source Files">
      <UniqueIdentifier>{AFE49458-867A-39FC-BD7A-6101CDCA2AED}</UniqueIdentifier>
    </Filter>
    <Filter Include="Header Files">
      <UniqueIdentifier>{916E62F1-45AA-3898-8FA4-88257A690711}</UniqueIdentifier>
    </Filter>
    <Filter Include="Resource Files">
      <UniqueIdentifier>{0698247C-5769-3692-A23B-F8B8B9BE6B06}</UniqueIdentifier>
    </Filter>
    <Filter Include="Text Files">
      <UniqueIdentifier>{186D9946-4E2A-3D0E-8E82-B000E7404AF2}</UniqueIdentifier>
    </Filter>
  </ItemGroup>
</Project>
