<?xml version="1.0" encoding="UTF-8"?>
<Project ToolsVersion="15.0" xmlns="http://schemas.microsoft.com/developer/msbuild/2003">
  <ItemGroup>
    <CustomBuild Include="C:\Users\Marti\Desktop\Github\Engine\Engine\DevIl build\CMakeFiles\0bcf1a31b6a9b26a5a62fcfada292f57\INSTALL_force.rule">
      <Filter>CMake Rules</Filter>
    </CustomBuild>
  </ItemGroup>
  <ItemGroup>
    <Filter Include="CMake Rules">
      <UniqueIdentifier>{4FB3B29D-CD0F-354E-A543-B7C05FFE438B}</UniqueIdentifier>
    </Filter>
  </ItemGroup>
</Project>
